
Microsoft Visual Studio Solution File, Format Version 12.00
# Visual Studio for Mac
Project("{FAE04EC0-301F-11D3-BF4B-00C04F79EFBC}") = "Assembly-CSharp", "Assembly-CSharp.csproj", "{15903556-0E97-D4FB-46C7-A7978CA8D949}"
EndProject
Global
	GlobalSection(SolutionConfigurationPlatforms) = preSolution
		Debug|Any CPU = Debug|Any CPU
		Release|Any CPU = Release|Any CPU
	EndGlobalSection
	GlobalSection(ProjectConfigurationPlatforms) = postSolution
		{15903556-0E97-D4FB-46C7-A7978CA8D949}.Debug|Any CPU.ActiveCfg = Debug|Any CPU
		{15903556-0E97-D4FB-46C7-A7978CA8D949}.Debug|Any CPU.Build.0 = Debug|Any CPU
		{15903556-0E97-D4FB-46C7-A7978CA8D949}.Release|Any CPU.ActiveCfg = Release|Any CPU
		{15903556-0E97-D4FB-46C7-A7978CA8D949}.Release|Any CPU.Build.0 = Release|Any CPU
	EndGlobalSection
	GlobalSection(SolutionProperties) = preSolution
		HideSolutionNode = FALSE
	EndGlobalSection
EndGlobal
